
Microsoft Visual Studio Solution File, Format Version 12.00
# Visual Studio 15
VisualStudioVersion = 15.0.28010.2019
MinimumVisualStudioVersion = 10.0.40219.1
Project("{FAE04EC0-301F-11D3-BF4B-00C04F79EFBC}") = "WebApplication10", "WebApplication10\WebApplication10.csproj", "{BAB0B0B1-36EB-4D16-A40D-04552AC02B3D}"
EndProject
Project("{2150E333-8FDC-42A3-9474-1A3956D46DE8}") = "Data_access Layer", "Data_access Layer", "{356F03EE-E739-418F-B68E-0FC3B420E307}"
EndProject
Global
	GlobalSection(SolutionConfigurationPlatforms) = preSolution
		Debug|Any CPU = Debug|Any CPU
		Release|Any CPU = Release|Any CPU
	EndGlobalSection
	GlobalSection(ProjectConfigurationPlatforms) = postSolution
		{BAB0B0B1-36EB-4D16-A40D-04552AC02B3D}.Debug|Any CPU.ActiveCfg = Debug|Any CPU
		{BAB0B0B1-36EB-4D16-A40D-04552AC02B3D}.Debug|Any CPU.Build.0 = Debug|Any CPU
		{BAB0B0B1-36EB-4D16-A40D-04552AC02B3D}.Release|Any CPU.ActiveCfg = Release|Any CPU
		{BAB0B0B1-36EB-4D16-A40D-04552AC02B3D}.Release|Any CPU.Build.0 = Release|Any CPU
	EndGlobalSection
	GlobalSection(SolutionProperties) = preSolution
		HideSolutionNode = FALSE
	EndGlobalSection
	GlobalSection(ExtensibilityGlobals) = postSolution
		SolutionGuid = {F7E150A5-2615-4128-926F-CF1FEBE070B5}
	EndGlobalSection
EndGlobal
